
Microsoft Visual Studio Solution File, Format Version 12.00
# Visual Studio Version 17
VisualStudioVersion = 17.9.34622.214
MinimumVisualStudioVersion = 10.0.40219.1
Project("{9A19103F-16F7-4668-BE54-9A1E7A4F7556}") = "ToyRobotPuzzle", "ToyRobotPuzzle\ToyRobotPuzzle.csproj", "{FEF354F6-E254-4FA0-915D-D515EF480A43}"
EndProject
Project("{9A19103F-16F7-4668-BE54-9A1E7A4F7556}") = "ToyRobotPuzzle.Tests", "ToyRobotPuzzle.Tests\ToyRobotPuzzle.Tests.csproj", "{1275330D-DF04-4256-88A7-7B060B9E3087}"
EndProject
Project("{FAE04EC0-301F-11D3-BF4B-00C04F79EFBC}") = "ToyRobotPuzzle.Common", "ToyRobotPuzzle.Common\ToyRobotPuzzle.Common.csproj", "{2EBB1B31-B079-40C5-908E-1B72496A0AB4}"
EndProject
Global
	GlobalSection(SolutionConfigurationPlatforms) = preSolution
		Debug|Any CPU = Debug|Any CPU
		Release|Any CPU = Release|Any CPU
	EndGlobalSection
	GlobalSection(ProjectConfigurationPlatforms) = postSolution
		{FEF354F6-E254-4FA0-915D-D515EF480A43}.Debug|Any CPU.ActiveCfg = Debug|Any CPU
		{FEF354F6-E254-4FA0-915D-D515EF480A43}.Debug|Any CPU.Build.0 = Debug|Any CPU
		{FEF354F6-E254-4FA0-915D-D515EF480A43}.Release|Any CPU.ActiveCfg = Release|Any CPU
		{FEF354F6-E254-4FA0-915D-D515EF480A43}.Release|Any CPU.Build.0 = Release|Any CPU
		{1275330D-DF04-4256-88A7-7B060B9E3087}.Debug|Any CPU.ActiveCfg = Debug|Any CPU
		{1275330D-DF04-4256-88A7-7B060B9E3087}.Debug|Any CPU.Build.0 = Debug|Any CPU
		{1275330D-DF04-4256-88A7-7B060B9E3087}.Release|Any CPU.ActiveCfg = Release|Any CPU
		{1275330D-DF04-4256-88A7-7B060B9E3087}.Release|Any CPU.Build.0 = Release|Any CPU
		{2EBB1B31-B079-40C5-908E-1B72496A0AB4}.Debug|Any CPU.ActiveCfg = Debug|Any CPU
		{2EBB1B31-B079-40C5-908E-1B72496A0AB4}.Debug|Any CPU.Build.0 = Debug|Any CPU
		{2EBB1B31-B079-40C5-908E-1B72496A0AB4}.Release|Any CPU.ActiveCfg = Release|Any CPU
		{2EBB1B31-B079-40C5-908E-1B72496A0AB4}.Release|Any CPU.Build.0 = Release|Any CPU
	EndGlobalSection
	GlobalSection(SolutionProperties) = preSolution
		HideSolutionNode = FALSE
	EndGlobalSection
	GlobalSection(ExtensibilityGlobals) = postSolution
		SolutionGuid = {BAF264A4-7881-46B3-AD76-6B7EFDF5FC98}
	EndGlobalSection
EndGlobal
